
Microsoft Visual Studio Solution File, Format Version 12.00
# Visual Studio Version 17
VisualStudioVersion = 17.0.32112.339
MinimumVisualStudioVersion = 10.0.40219.1
Project("{8BC9CEB8-8B4A-11D0-8D11-00A0C91BC942}") = "opencv_object_recognizing", "opencv_object_recognizing.vcxproj", "{AB7F674D-C1F0-479D-9E8F-241D0F533076}"
EndProject
Global
	GlobalSection(SolutionConfigurationPlatforms) = preSolution
		Debug|x64 = Debug|x64
		Debug|x86 = Debug|x86
		Release|x64 = Release|x64
		Release|x86 = Release|x86
	EndGlobalSection
	GlobalSection(ProjectConfigurationPlatforms) = postSolution
		{AB7F674D-C1F0-479D-9E8F-241D0F533076}.Debug|x64.ActiveCfg = Debug|x64
		{AB7F674D-C1F0-479D-9E8F-241D0F533076}.Debug|x64.Build.0 = Debug|x64
		{AB7F674D-C1F0-479D-9E8F-241D0F533076}.Debug|x86.ActiveCfg = Debug|Win32
		{AB7F674D-C1F0-479D-9E8F-241D0F533076}.Debug|x86.Build.0 = Debug|Win32
		{AB7F674D-C1F0-479D-9E8F-241D0F533076}.Release|x64.ActiveCfg = Release|x64
		{AB7F674D-C1F0-479D-9E8F-241D0F533076}.Release|x64.Build.0 = Release|x64
		{AB7F674D-C1F0-479D-9E8F-241D0F533076}.Release|x86.ActiveCfg = Release|Win32
		{AB7F674D-C1F0-479D-9E8F-241D0F533076}.Release|x86.Build.0 = Release|Win32
	EndGlobalSection
	GlobalSection(SolutionProperties) = preSolution
		HideSolutionNode = FALSE
	EndGlobalSection
	GlobalSection(ExtensibilityGlobals) = postSolution
		SolutionGuid = {9D92BAB8-7958-417E-95EB-83ADD978AC8B}
	EndGlobalSection
EndGlobal
